
Microsoft Visual Studio Solution File, Format Version 12.00
# Visual Studio Version 16
VisualStudioVersion = 16.0.32126.315
MinimumVisualStudioVersion = 10.0.40219.1
Project("{8BC9CEB8-8B4A-11D0-8D11-00A0C91BC942}") = "com-local-server", "..\src\com-local-server\com-local-server.vcxproj", "{C0B8ABA4-A061-48C2-9159-DBA33E28678F}"
EndProject
Project("{8BC9CEB8-8B4A-11D0-8D11-00A0C91BC942}") = "com-local-client", "..\src\com-local-client\com-local-client.vcxproj", "{89DE9B67-2310-415C-9171-D07A067AE4A5}"
	ProjectSection(ProjectDependencies) = postProject
		{C0B8ABA4-A061-48C2-9159-DBA33E28678F} = {C0B8ABA4-A061-48C2-9159-DBA33E28678F}
	EndProjectSection
EndProject
Global
	GlobalSection(SolutionConfigurationPlatforms) = preSolution
		Debug|x64 = Debug|x64
		Debug|x86 = Debug|x86
		Release|x64 = Release|x64
		Release|x86 = Release|x86
	EndGlobalSection
	GlobalSection(ProjectConfigurationPlatforms) = postSolution
		{C0B8ABA4-A061-48C2-9159-DBA33E28678F}.Debug|x64.ActiveCfg = Debug|x64
		{C0B8ABA4-A061-48C2-9159-DBA33E28678F}.Debug|x64.Build.0 = Debug|x64
		{C0B8ABA4-A061-48C2-9159-DBA33E28678F}.Debug|x86.ActiveCfg = Debug|Win32
		{C0B8ABA4-A061-48C2-9159-DBA33E28678F}.Debug|x86.Build.0 = Debug|Win32
		{C0B8ABA4-A061-48C2-9159-DBA33E28678F}.Release|x64.ActiveCfg = Release|x64
		{C0B8ABA4-A061-48C2-9159-DBA33E28678F}.Release|x64.Build.0 = Release|x64
		{C0B8ABA4-A061-48C2-9159-DBA33E28678F}.Release|x86.ActiveCfg = Release|Win32
		{C0B8ABA4-A061-48C2-9159-DBA33E28678F}.Release|x86.Build.0 = Release|Win32
		{89DE9B67-2310-415C-9171-D07A067AE4A5}.Debug|x64.ActiveCfg = Debug|x64
		{89DE9B67-2310-415C-9171-D07A067AE4A5}.Debug|x64.Build.0 = Debug|x64
		{89DE9B67-2310-415C-9171-D07A067AE4A5}.Debug|x86.ActiveCfg = Debug|Win32
		{89DE9B67-2310-415C-9171-D07A067AE4A5}.Debug|x86.Build.0 = Debug|Win32
		{89DE9B67-2310-415C-9171-D07A067AE4A5}.Release|x64.ActiveCfg = Release|x64
		{89DE9B67-2310-415C-9171-D07A067AE4A5}.Release|x64.Build.0 = Release|x64
		{89DE9B67-2310-415C-9171-D07A067AE4A5}.Release|x86.ActiveCfg = Release|Win32
		{89DE9B67-2310-415C-9171-D07A067AE4A5}.Release|x86.Build.0 = Release|Win32
	EndGlobalSection
	GlobalSection(SolutionProperties) = preSolution
		HideSolutionNode = FALSE
	EndGlobalSection
	GlobalSection(ExtensibilityGlobals) = postSolution
		SolutionGuid = {C7BF296B-0A6E-482F-B35D-D2492A95C6B8}
	EndGlobalSection
EndGlobal
